{
  "requires": true,
  "lockfileVersion": 1,
  "dependencies": {
    "faker": {
      "version": "4.1.0",
      "resolved": "https://registry.npmjs.org/faker/-/faker-4.1.0.tgz",
      "integrity": "sha1-HkW7vsxndLPBlfrSg1EJxtdIzD8="
    },
    "paper": {
      "version": "0.12.4",
      "resolved": "https://registry.npmjs.org/paper/-/paper-0.12.4.tgz",
      "integrity": "sha512-KypUqX2uXJZOX2j55RcgnBzK7weau9WKVCB+3e0E1Wa9yxlV7z6BsSrrJxmLNIC0pATbjcy9pJYDutQ7rIhnpQ=="
    }
  }
}
